// !$*UTF8*$!
{
	archiveVersion = 1;
	classes = {
	};
	objectVersion = 46;
	objects = {

/* Begin PBXBuildFile section */
		1E0CD7751D46936E00182474 /* ThirdTableViewController.swift in Sources */ = {isa = PBXBuildFile; fileRef = 1E0CD7741D46936E00182474 /* ThirdTableViewController.swift */; };
		1E0CD7771D46953900182474 /* FourthTableViewController.swift in Sources */ = {isa = PBXBuildFile; fileRef = 1E0CD7761D46953900182474 /* FourthTableViewController.swift */; };
		1E8E0D7B1D4685FC00240834 /* AppDelegate.swift in Sources */ = {isa = PBXBuildFile; fileRef = 1E8E0D7A1D4685FC00240834 /* AppDelegate.swift */; };
		1E8E0D7D1D4685FC00240834 /* ViewController.swift in Sources */ = {isa = PBXBuildFile; fileRef = 1E8E0D7C1D4685FC00240834 /* ViewController.swift */; };
		1E8E0D801D4685FC00240834 /* Main.storyboard in Resources */ = {isa = PBXBuildFile; fileRef = 1E8E0D7E1D4685FC00240834 /* Main.storyboard */; };
		1E8E0D831D4685FC00240834 /* TableViewFilteringAssignment.xcdatamodeld in Sources */ = {isa = PBXBuildFile; fileRef = 1E8E0D811D4685FC00240834 /* TableViewFilteringAssignment.xcdatamodeld */; };
		1E8E0D851D4685FC00240834 /* Assets.xcassets in Resources */ = {isa = PBXBuildFile; fileRef = 1E8E0D841D4685FC00240834 /* Assets.xcassets */; };
		1E8E0D881D4685FC00240834 /* LaunchScreen.storyboard in Resources */ = {isa = PBXBuildFile; fileRef = 1E8E0D861D4685FC00240834 /* LaunchScreen.storyboard */; };
		1E8E0D901D46862400240834 /* TabBarViewController.swift in Sources */ = {isa = PBXBuildFile; fileRef = 1E8E0D8F1D46862400240834 /* TabBarViewController.swift */; };
		1E8E0D921D46872100240834 /* FirstTableViewController.swift in Sources */ = {isa = PBXBuildFile; fileRef = 1E8E0D911D46872100240834 /* FirstTableViewController.swift */; };
		1E8E0D941D4687AD00240834 /* SecondTableViewController.swift in Sources */ = {isa = PBXBuildFile; fileRef = 1E8E0D931D4687AD00240834 /* SecondTableViewController.swift */; };
		1E8E0D961D46881800240834 /* Database.swift in Sources */ = {isa = PBXBuildFile; fileRef = 1E8E0D951D46881800240834 /* Database.swift */; };
/* End PBXBuildFile section */

/* Begin PBXFileReference section */
		1E0CD7741D46936E00182474 /* ThirdTableViewController.swift */ = {isa = PBXFileReference; fileEncoding = 4; lastKnownFileType = sourcecode.swift; path = ThirdTableViewController.swift; sourceTree = "<group>"; };
		1E0CD7761D46953900182474 /* FourthTableViewController.swift */ = {isa = PBXFileReference; fileEncoding = 4; lastKnownFileType = sourcecode.swift; path = FourthTableViewController.swift; sourceTree = "<group>"; };
		1E8E0D771D4685FC00240834 /* TableViewFilteringAssignment.app */ = {isa = PBXFileReference; explicitFileType = wrapper.application; includeInIndex = 0; path = TableViewFilteringAssignment.app; sourceTree = BUILT_PRODUCTS_DIR; };
		1E8E0D7A1D4685FC00240834 /* AppDelegate.swift */ = {isa = PBXFileReference; lastKnownFileType = sourcecode.swift; path = AppDelegate.swift; sourceTree = "<group>"; };
		1E8E0D7C1D4685FC00240834 /* ViewController.swift */ = {isa = PBXFileReference; lastKnownFileType = sourcecode.swift; path = ViewController.swift; sourceTree = "<group>"; };
		1E8E0D7F1D4685FC00240834 /* Base */ = {isa = PBXFileReference; lastKnownFileType = file.storyboard; name = Base; path = Base.lproj/Main.storyboard; sourceTree = "<group>"; };
		1E8E0D821D4685FC00240834 /* TableViewFilteringAssignment.xcdatamodel */ = {isa = PBXFileReference; lastKnownFileType = wrapper.xcdatamodel; path = TableViewFilteringAssignment.xcdatamodel; sourceTree = "<group>"; };
		1E8E0D841D4685FC00240834 /* Assets.xcassets */ = {isa = PBXFileReference; lastKnownFileType = folder.assetcatalog; path = Assets.xcassets; sourceTree = "<group>"; };
		1E8E0D871D4685FC00240834 /* Base */ = {isa = PBXFileReference; lastKnownFileType = file.storyboard; name = Base; path = Base.lproj/LaunchScreen.storyboard; sourceTree = "<group>"; };
		1E8E0D891D4685FC00240834 /* Info.plist */ = {isa = PBXFileReference; lastKnownFileType = text.plist.xml; path = Info.plist; sourceTree = "<group>"; };
		1E8E0D8F1D46862400240834 /* TabBarViewController.swift */ = {isa = PBXFileReference; fileEncoding = 4; lastKnownFileType = sourcecode.swift; path = TabBarViewController.swift; sourceTree = "<group>"; };
		1E8E0D911D46872100240834 /* FirstTableViewController.swift */ = {isa = PBXFileReference; fileEncoding = 4; lastKnownFileType = sourcecode.swift; path = FirstTableViewController.swift; sourceTree = "<group>"; };
		1E8E0D931D4687AD00240834 /* SecondTableViewController.swift */ = {isa = PBXFileReference; fileEncoding = 4; lastKnownFileType = sourcecode.swift; path = SecondTableViewController.swift; sourceTree = "<group>"; };
		1E8E0D951D46881800240834 /* Database.swift */ = {isa = PBXFileReference; fileEncoding = 4; lastKnownFileType = sourcecode.swift; path = Database.swift; sourceTree = "<group>"; };
/* End PBXFileReference section */

/* Begin PBXFrameworksBuildPhase section */
		1E8E0D741D4685FC00240834 /* Frameworks */ = {
			isa = PBXFrameworksBuildPhase;
			buildActionMask = 2147483647;
			files = (
			);
			runOnlyForDeploymentPostprocessing = 0;
		};
/* End PBXFrameworksBuildPhase section */

/* Begin PBXGroup section */
		1E8E0D6E1D4685FC00240834 = {
			isa = PBXGroup;
			children = (
				1E8E0D791D4685FC00240834 /* TableViewFilteringAssignment */,
				1E8E0D781D4685FC00240834 /* Products */,
			);
			sourceTree = "<group>";
		};
		1E8E0D781D4685FC00240834 /* Products */ = {
			isa = PBXGroup;
			children = (
				1E8E0D771D4685FC00240834 /* TableViewFilteringAssignment.app */,
			);
			name = Products;
			sourceTree = "<group>";
		};
		1E8E0D791D4685FC00240834 /* TableViewFilteringAssignment */ = {
			isa = PBXGroup;
			children = (
				1E8E0D7A1D4685FC00240834 /* AppDelegate.swift */,
				1E8E0D7C1D4685FC00240834 /* ViewController.swift */,
				1E8E0D911D46872100240834 /* FirstTableViewController.swift */,
				1E8E0D951D46881800240834 /* Database.swift */,
				1E8E0D931D4687AD00240834 /* SecondTableViewController.swift */,
				1E0CD7741D46936E00182474 /* ThirdTableViewController.swift */,
				1E0CD7761D46953900182474 /* FourthTableViewController.swift */,
				1E8E0D8F1D46862400240834 /* TabBarViewController.swift */,
				1E8E0D7E1D4685FC00240834 /* Main.storyboard */,
				1E8E0D841D4685FC00240834 /* Assets.xcassets */,
				1E8E0D861D4685FC00240834 /* LaunchScreen.storyboard */,
				1E8E0D891D4685FC00240834 /* Info.plist */,
				1E8E0D811D4685FC00240834 /* TableViewFilteringAssignment.xcdatamodeld */,
			);
			path = TableViewFilteringAssignment;
			sourceTree = "<group>";
		};
/* End PBXGroup section */

/* Begin PBXNativeTarget section */
		1E8E0D761D4685FC00240834 /* TableViewFilteringAssignment */ = {
			isa = PBXNativeTarget;
			buildConfigurationList = 1E8E0D8C1D4685FC00240834 /* Build configuration list for PBXNativeTarget "TableViewFilteringAssignment" */;
			buildPhases = (
				1E8E0D731D4685FC00240834 /* Sources */,
				1E8E0D741D4685FC00240834 /* Frameworks */,
				1E8E0D751D4685FC00240834 /* Resources */,
			);
			buildRules = (
			);
			dependencies = (
			);
			name = TableViewFilteringAssignment;
			productName = TableViewFilteringAssignment;
			productReference = 1E8E0D771D4685FC00240834 /* TableViewFilteringAssignment.app */;
			productType = "com.apple.product-type.application";
		};
/* End PBXNativeTarget section */

/* Begin PBXProject section */
		1E8E0D6F1D4685FC00240834 /* Project object */ = {
			isa = PBXProject;
			attributes = {
				LastSwiftUpdateCheck = 0730;
				LastUpgradeCheck = 0730;
				ORGANIZATIONNAME = "Yung Kim";
				TargetAttributes = {
					1E8E0D761D4685FC00240834 = {
						CreatedOnToolsVersion = 7.3.1;
					};
				};
			};
			buildConfigurationList = 1E8E0D721D4685FC00240834 /* Build configuration list for PBXProject "TableViewFilteringAssignment" */;
			compatibilityVersion = "Xcode 3.2";
			developmentRegion = English;
			hasScannedForEncodings = 0;
			knownRegions = (
				en,
				Base,
			);
			mainGroup = 1E8E0D6E1D4685FC00240834;
			productRefGroup = 1E8E0D781D4685FC00240834 /* Products */;
			projectDirPath = "";
			projectRoot = "";
			targets = (
				1E8E0D761D4685FC00240834 /* TableViewFilteringAssignment */,
			);
		};
/* End PBXProject section */

/* Begin PBXResourcesBuildPhase section */
		1E8E0D751D4685FC00240834 /* Resources */ = {
			isa = PBXResourcesBuildPhase;
			buildActionMask = 2147483647;
			files = (
				1E8E0D881D4685FC00240834 /* LaunchScreen.storyboard in Resources */,
				1E8E0D851D4685FC00240834 /* Assets.xcassets in Resources */,
				1E8E0D801D4685FC00240834 /* Main.storyboard in Resources */,
			);
			runOnlyForDeploymentPostprocessing = 0;
		};
/* End PBXResourcesBuildPhase section */

/* Begin PBXSourcesBuildPhase section */
		1E8E0D731D4685FC00240834 /* Sources */ = {
			isa = PBXSourcesBuildPhase;
			buildActionMask = 2147483647;
			files = (
				1E0CD7771D46953900182474 /* FourthTableViewController.swift in Sources */,
				1E8E0D961D46881800240834 /* Database.swift in Sources */,
				1E8E0D901D46862400240834 /* TabBarViewController.swift in Sources */,
				1E8E0D941D4687AD00240834 /* SecondTableViewController.swift in Sources */,
				1E0CD7751D46936E00182474 /* ThirdTableViewController.swift in Sources */,
				1E8E0D7D1D4685FC00240834 /* ViewController.swift in Sources */,
				1E8E0D7B1D4685FC00240834 /* AppDelegate.swift in Sources */,
				1E8E0D831D4685FC00240834 /* TableViewFilteringAssignment.xcdatamodeld in Sources */,
				1E8E0D921D46872100240834 /* FirstTableViewController.swift in Sources */,
			);
			runOnlyForDeploymentPostprocessing = 0;
		};
/* End PBXSourcesBuildPhase section */

/* Begin PBXVariantGroup section */
		1E8E0D7E1D4685FC00240834 /* Main.storyboard */ = {
			isa = PBXVariantGroup;
			children = (
				1E8E0D7F1D4685FC00240834 /* Base */,
			);
			name = Main.storyboard;
			sourceTree = "<group>";
		};
		1E8E0D861D4685FC00240834 /* LaunchScreen.storyboard */ = {
			isa = PBXVariantGroup;
			children = (
				1E8E0D871D4685FC00240834 /* Base */,
			);
			name = LaunchScreen.storyboard;
			sourceTree = "<group>";
		};
/* End PBXVariantGroup section */

/* Begin XCBuildConfiguration section */
		1E8E0D8A1D4685FC00240834 /* Debug */ = {
			isa = XCBuildConfiguration;
			buildSettings = {
				ALWAYS_SEARCH_USER_PATHS = NO;
				CLANG_ANALYZER_NONNULL = YES;
				CLANG_CXX_LANGUAGE_STANDARD = "gnu++0x";
				CLANG_CXX_LIBRARY = "libc++";
				CLANG_ENABLE_MODULES = YES;
				CLANG_ENABLE_OBJC_ARC = YES;
				CLANG_WARN_BOOL_CONVERSION = YES;
				CLANG_WARN_CONSTANT_CONVERSION = YES;
				CLANG_WARN_DIRECT_OBJC_ISA_USAGE = YES_ERROR;
				CLANG_WARN_EMPTY_BODY = YES;
				CLANG_WARN_ENUM_CONVERSION = YES;
				CLANG_WARN_INT_CONVERSION = YES;
				CLANG_WARN_OBJC_ROOT_CLASS = YES_ERROR;
				CLANG_WARN_UNREACHABLE_CODE = YES;
				CLANG_WARN__DUPLICATE_METHOD_MATCH = YES;
				"CODE_SIGN_IDENTITY[sdk=iphoneos*]" = "iPhone Developer";
				COPY_PHASE_STRIP = NO;
				DEBUG_INFORMATION_FORMAT = dwarf;
				ENABLE_STRICT_OBJC_MSGSEND = YES;
				ENABLE_TESTABILITY = YES;
				GCC_C_LANGUAGE_STANDARD = gnu99;
				GCC_DYNAMIC_NO_PIC = NO;
				GCC_NO_COMMON_BLOCKS = YES;
				GCC_OPTIMIZATION_LEVEL = 0;
				GCC_PREPROCESSOR_DEFINITIONS = (
					"DEBUG=1",
					"$(inherited)",
				);
				GCC_WARN_64_TO_32_BIT_CONVERSION = YES;
				GCC_WARN_ABOUT_RETURN_TYPE = YES_ERROR;
				GCC_WARN_UNDECLARED_SELECTOR = YES;
				GCC_WARN_UNINITIALIZED_AUTOS = YES_AGGRESSIVE;
				GCC_WARN_UNUSED_FUNCTION = YES;
				GCC_WARN_UNUSED_VARIABLE = YES;
				IPHONEOS_DEPLOYMENT_TARGET = 9.3;
				MTL_ENABLE_DEBUG_INFO = YES;
				ONLY_ACTIVE_ARCH = YES;
				SDKROOT = iphoneos;
				SWIFT_OPTIMIZATION_LEVEL = "-Onone";
				TARGETED_DEVICE_FAMILY = "1,2";
			};
			name = Debug;
		};
		1E8E0D8B1D4685FC00240834 /* Release */ = {
			isa = XCBuildConfiguration;
			buildSettings = {
				ALWAYS_SEARCH_USER_PATHS = NO;
				CLANG_ANALYZER_NONNULL = YES;
				CLANG_CXX_LANGUAGE_STANDARD = "gnu++0x";
				CLANG_CXX_LIBRARY = "libc++";
				CLANG_ENABLE_MODULES = YES;
				CLANG_ENABLE_OBJC_ARC = YES;
				CLANG_WARN_BOOL_CONVERSION = YES;
				CLANG_WARN_CONSTANT_CONVERSION = YES;
				CLANG_WARN_DIRECT_OBJC_ISA_USAGE = YES_ERROR;
				CLANG_WARN_EMPTY_BODY = YES;
				CLANG_WARN_ENUM_CONVERSION = YES;
				CLANG_WARN_INT_CONVERSION = YES;
				CLANG_WARN_OBJC_ROOT_CLASS = YES_ERROR;
				CLANG_WARN_UNREACHABLE_CODE = YES;
				CLANG_WARN__DUPLICATE_METHOD_MATCH = YES;
				"CODE_SIGN_IDENTITY[sdk=iphoneos*]" = "iPhone Developer";
				COPY_PHASE_STRIP = NO;
				DEBUG_INFORMATION_FORMAT = "dwarf-with-dsym";
				ENABLE_NS_ASSERTIONS = NO;
				ENABLE_STRICT_OBJC_MSGSEND = YES;
				GCC_C_LANGUAGE_STANDARD = gnu99;
				GCC_NO_COMMON_BLOCKS = YES;
				GCC_WARN_64_TO_32_BIT_CONVERSION = YES;
				GCC_WARN_ABOUT_RETURN_TYPE = YES_ERROR;
				GCC_WARN_UNDECLARED_SELECTOR = YES;
				GCC_WARN_UNINITIALIZED_AUTOS = YES_AGGRESSIVE;
				GCC_WARN_UNUSED_FUNCTION = YES;
				GCC_WARN_UNUSED_VARIABLE = YES;
				IPHONEOS_DEPLOYMENT_TARGET = 9.3;
				MTL_ENABLE_DEBUG_INFO = NO;
				SDKROOT = iphoneos;
				TARGETED_DEVICE_FAMILY = "1,2";
				VALIDATE_PRODUCT = YES;
			};
			name = Release;
		};
		1E8E0D8D1D4685FC00240834 /* Debug */ = {
			isa = XCBuildConfiguration;
			buildSettings = {
				ASSETCATALOG_COMPILER_APPICON_NAME = AppIcon;
				INFOPLIST_FILE = TableViewFilteringAssignment/Info.plist;
				LD_RUNPATH_SEARCH_PATHS = "$(inherited) @executable_path/Frameworks";
				PRODUCT_BUNDLE_IDENTIFIER = codingdojo.TableViewFilteringAssignment;
				PRODUCT_NAME = "$(TARGET_NAME)";
			};
			name = Debug;
		};
		1E8E0D8E1D4685FC00240834 /* Release */ = {
			isa = XCBuildConfiguration;
			buildSettings = {
				ASSETCATALOG_COMPILER_APPICON_NAME = AppIcon;
				INFOPLIST_FILE = TableViewFilteringAssignment/Info.plist;
				LD_RUNPATH_SEARCH_PATHS = "$(inherited) @executable_path/Frameworks";
				PRODUCT_BUNDLE_IDENTIFIER = codingdojo.TableViewFilteringAssignment;
				PRODUCT_NAME = "$(TARGET_NAME)";
			};
			name = Release;
		};
/* End XCBuildConfiguration section */

/* Begin XCConfigurationList section */
		1E8E0D721D4685FC00240834 /* Build configuration list for PBXProject "TableViewFilteringAssignment" */ = {
			isa = XCConfigurationList;
			buildConfigurations = (
				1E8E0D8A1D4685FC00240834 /* Debug */,
				1E8E0D8B1D4685FC00240834 /* Release */,
			);
			defaultConfigurationIsVisible = 0;
			defaultConfigurationName = Release;
		};
		1E8E0D8C1D4685FC00240834 /* Build configuration list for PBXNativeTarget "TableViewFilteringAssignment" */ = {
			isa = XCConfigurationList;
			buildConfigurations = (
				1E8E0D8D1D4685FC00240834 /* Debug */,
				1E8E0D8E1D4685FC00240834 /* Release */,
			);
			defaultConfigurationIsVisible = 0;
			defaultConfigurationName = Release;
		};
/* End XCConfigurationList section */

/* Begin XCVersionGroup section */
		1E8E0D811D4685FC00240834 /* TableViewFilteringAssignment.xcdatamodeld */ = {
			isa = XCVersionGroup;
			children = (
				1E8E0D821D4685FC00240834 /* TableViewFilteringAssignment.xcdatamodel */,
			);
			currentVersion = 1E8E0D821D4685FC00240834 /* TableViewFilteringAssignment.xcdatamodel */;
			path = TableViewFilteringAssignment.xcdatamodeld;
			sourceTree = "<group>";
			versionGroupType = wrapper.xcdatamodel;
		};
/* End XCVersionGroup section */
	};
	rootObject = 1E8E0D6F1D4685FC00240834 /* Project object */;
}
